
Microsoft Visual Studio Solution File, Format Version 12.00
# Visual Studio Version 17
VisualStudioVersion = 17.0.31903.59
MinimumVisualStudioVersion = 10.0.40219.1
Project("{9A19103F-16F7-4668-BE54-9A1E7A4F7556}") = "FlightScanner.AirportCodes.Cli", "FlightScanner.AirportCodes.Cli\FlightScanner.AirportCodes.Cli.csproj", "{DB93236A-8E0C-4095-910B-3D43EFEB47DC}"
EndProject
Project("{2150E333-8FDC-42A3-9474-1A3956D46DE8}") = "Tests", "Tests", "{868F9828-5536-4F4F-AEF8-14EFDF29C167}"
EndProject
Project("{9A19103F-16F7-4668-BE54-9A1E7A4F7556}") = "FlightScanner.AirportCodes.Cli.IntegrationTests", "..\tests\FlightScanner.AirportCodes.Cli.IntegrationTests\FlightScanner.AirportCodes.Cli.IntegrationTests.csproj", "{7454DFA5-E290-4EC5-81C8-D8DF28F76FEE}"
EndProject
Project("{FAE04EC0-301F-11D3-BF4B-00C04F79EFBC}") = "FlightScanner.Persistence", "FlightScanner.Persistence\FlightScanner.Persistence.csproj", "{7D970B8E-BDD5-4339-883C-B716CE8EDEA7}"
EndProject
Project("{FAE04EC0-301F-11D3-BF4B-00C04F79EFBC}") = "FlightScanner.Domain", "FlightScanner.Domain\FlightScanner.Domain.csproj", "{0778BAE4-7BAB-4DFD-9AC7-930BF273204E}"
EndProject
Project("{9A19103F-16F7-4668-BE54-9A1E7A4F7556}") = "FlightScanner.WebApi", "FlightScanner.WebApi\FlightScanner.WebApi.csproj", "{8A92404B-9967-4249-BE31-6C0760007B55}"
EndProject
Project("{FAE04EC0-301F-11D3-BF4B-00C04F79EFBC}") = "FlightsScanner.Application", "FlightsScanner.Application\FlightsScanner.Application.csproj", "{206F0DE9-7E35-4610-BC73-332324891C26}"
EndProject
Project("{9A19103F-16F7-4668-BE54-9A1E7A4F7556}") = "FlightScanner.Client.BlazorWA", "FlightScanner.Client.BlazorWA\FlightScanner.Client.BlazorWA.csproj", "{BD53845C-9B07-4936-B940-DA7B67483434}"
EndProject
Project("{FAE04EC0-301F-11D3-BF4B-00C04F79EFBC}") = "FlightScanner.DTOs", "FlightScanner.DTOs\FlightScanner.DTOs.csproj", "{A8DDD2A5-9F27-43BF-8880-3855EFF5E4BB}"
EndProject
Project("{FAE04EC0-301F-11D3-BF4B-00C04F79EFBC}") = "FlightScanner.WebApi.UnitTests", "..\tests\FlightScanner.WebApi.UnitTests\FlightScanner.WebApi.UnitTests.csproj", "{2AA38773-5340-4988-9C5B-B4E1A3AB9C6F}"
EndProject
Project("{FAE04EC0-301F-11D3-BF4B-00C04F79EFBC}") = "FlightScanner.Common", "FlightScanner.Common\FlightScanner.Common.csproj", "{E0F5214E-433D-497C-8F0E-A29A1DB4CEBB}"
EndProject
Project("{FAE04EC0-301F-11D3-BF4B-00C04F79EFBC}") = "FlightScanner.WebApi.IntegratoinTests", "FlightScanner.WebApi.IntegratoinTests\FlightScanner.WebApi.IntegratoinTests.csproj", "{DA406468-BC15-4BB3-97CC-5B27FB35432C}"
EndProject
Global
	GlobalSection(SolutionConfigurationPlatforms) = preSolution
		Debug|Any CPU = Debug|Any CPU
		Release|Any CPU = Release|Any CPU
	EndGlobalSection
	GlobalSection(ProjectConfigurationPlatforms) = postSolution
		{DB93236A-8E0C-4095-910B-3D43EFEB47DC}.Debug|Any CPU.ActiveCfg = Debug|Any CPU
		{DB93236A-8E0C-4095-910B-3D43EFEB47DC}.Debug|Any CPU.Build.0 = Debug|Any CPU
		{DB93236A-8E0C-4095-910B-3D43EFEB47DC}.Release|Any CPU.ActiveCfg = Release|Any CPU
		{DB93236A-8E0C-4095-910B-3D43EFEB47DC}.Release|Any CPU.Build.0 = Release|Any CPU
		{7454DFA5-E290-4EC5-81C8-D8DF28F76FEE}.Debug|Any CPU.ActiveCfg = Debug|Any CPU
		{7454DFA5-E290-4EC5-81C8-D8DF28F76FEE}.Debug|Any CPU.Build.0 = Debug|Any CPU
		{7454DFA5-E290-4EC5-81C8-D8DF28F76FEE}.Release|Any CPU.ActiveCfg = Release|Any CPU
		{7454DFA5-E290-4EC5-81C8-D8DF28F76FEE}.Release|Any CPU.Build.0 = Release|Any CPU
		{7D970B8E-BDD5-4339-883C-B716CE8EDEA7}.Debug|Any CPU.ActiveCfg = Debug|Any CPU
		{7D970B8E-BDD5-4339-883C-B716CE8EDEA7}.Debug|Any CPU.Build.0 = Debug|Any CPU
		{7D970B8E-BDD5-4339-883C-B716CE8EDEA7}.Release|Any CPU.ActiveCfg = Release|Any CPU
		{7D970B8E-BDD5-4339-883C-B716CE8EDEA7}.Release|Any CPU.Build.0 = Release|Any CPU
		{0778BAE4-7BAB-4DFD-9AC7-930BF273204E}.Debug|Any CPU.ActiveCfg = Debug|Any CPU
		{0778BAE4-7BAB-4DFD-9AC7-930BF273204E}.Debug|Any CPU.Build.0 = Debug|Any CPU
		{0778BAE4-7BAB-4DFD-9AC7-930BF273204E}.Release|Any CPU.ActiveCfg = Release|Any CPU
		{0778BAE4-7BAB-4DFD-9AC7-930BF273204E}.Release|Any CPU.Build.0 = Release|Any CPU
		{8A92404B-9967-4249-BE31-6C0760007B55}.Debug|Any CPU.ActiveCfg = Debug|Any CPU
		{8A92404B-9967-4249-BE31-6C0760007B55}.Debug|Any CPU.Build.0 = Debug|Any CPU
		{8A92404B-9967-4249-BE31-6C0760007B55}.Release|Any CPU.ActiveCfg = Release|Any CPU
		{8A92404B-9967-4249-BE31-6C0760007B55}.Release|Any CPU.Build.0 = Release|Any CPU
		{206F0DE9-7E35-4610-BC73-332324891C26}.Debug|Any CPU.ActiveCfg = Debug|Any CPU
		{206F0DE9-7E35-4610-BC73-332324891C26}.Debug|Any CPU.Build.0 = Debug|Any CPU
		{206F0DE9-7E35-4610-BC73-332324891C26}.Release|Any CPU.ActiveCfg = Release|Any CPU
		{206F0DE9-7E35-4610-BC73-332324891C26}.Release|Any CPU.Build.0 = Release|Any CPU
		{BD53845C-9B07-4936-B940-DA7B67483434}.Debug|Any CPU.ActiveCfg = Debug|Any CPU
		{BD53845C-9B07-4936-B940-DA7B67483434}.Debug|Any CPU.Build.0 = Debug|Any CPU
		{BD53845C-9B07-4936-B940-DA7B67483434}.Release|Any CPU.ActiveCfg = Release|Any CPU
		{BD53845C-9B07-4936-B940-DA7B67483434}.Release|Any CPU.Build.0 = Release|Any CPU
		{A8DDD2A5-9F27-43BF-8880-3855EFF5E4BB}.Debug|Any CPU.ActiveCfg = Debug|Any CPU
		{A8DDD2A5-9F27-43BF-8880-3855EFF5E4BB}.Debug|Any CPU.Build.0 = Debug|Any CPU
		{A8DDD2A5-9F27-43BF-8880-3855EFF5E4BB}.Release|Any CPU.ActiveCfg = Release|Any CPU
		{A8DDD2A5-9F27-43BF-8880-3855EFF5E4BB}.Release|Any CPU.Build.0 = Release|Any CPU
		{2AA38773-5340-4988-9C5B-B4E1A3AB9C6F}.Debug|Any CPU.ActiveCfg = Debug|Any CPU
		{2AA38773-5340-4988-9C5B-B4E1A3AB9C6F}.Debug|Any CPU.Build.0 = Debug|Any CPU
		{2AA38773-5340-4988-9C5B-B4E1A3AB9C6F}.Release|Any CPU.ActiveCfg = Release|Any CPU
		{2AA38773-5340-4988-9C5B-B4E1A3AB9C6F}.Release|Any CPU.Build.0 = Release|Any CPU
		{E0F5214E-433D-497C-8F0E-A29A1DB4CEBB}.Debug|Any CPU.ActiveCfg = Debug|Any CPU
		{E0F5214E-433D-497C-8F0E-A29A1DB4CEBB}.Debug|Any CPU.Build.0 = Debug|Any CPU
		{E0F5214E-433D-497C-8F0E-A29A1DB4CEBB}.Release|Any CPU.ActiveCfg = Release|Any CPU
		{E0F5214E-433D-497C-8F0E-A29A1DB4CEBB}.Release|Any CPU.Build.0 = Release|Any CPU
		{DA406468-BC15-4BB3-97CC-5B27FB35432C}.Debug|Any CPU.ActiveCfg = Debug|Any CPU
		{DA406468-BC15-4BB3-97CC-5B27FB35432C}.Debug|Any CPU.Build.0 = Debug|Any CPU
		{DA406468-BC15-4BB3-97CC-5B27FB35432C}.Release|Any CPU.ActiveCfg = Release|Any CPU
		{DA406468-BC15-4BB3-97CC-5B27FB35432C}.Release|Any CPU.Build.0 = Release|Any CPU
	EndGlobalSection
	GlobalSection(SolutionProperties) = preSolution
		HideSolutionNode = FALSE
	EndGlobalSection
	GlobalSection(NestedProjects) = preSolution
		{7454DFA5-E290-4EC5-81C8-D8DF28F76FEE} = {868F9828-5536-4F4F-AEF8-14EFDF29C167}
		{2AA38773-5340-4988-9C5B-B4E1A3AB9C6F} = {868F9828-5536-4F4F-AEF8-14EFDF29C167}
		{DA406468-BC15-4BB3-97CC-5B27FB35432C} = {868F9828-5536-4F4F-AEF8-14EFDF29C167}
	EndGlobalSection
	GlobalSection(ExtensibilityGlobals) = postSolution
		SolutionGuid = {787BD4BE-AE24-4A95-8DEB-9484F8821055}
	EndGlobalSection
EndGlobal
